
Microsoft Visual Studio Solution File, Format Version 12.00
# Visual Studio Version 16
VisualStudioVersion = 16.0.30907.101
MinimumVisualStudioVersion = 10.0.40219.1
Project("{FAE04EC0-301F-11D3-BF4B-00C04F79EFBC}") = "projeto-teste", "projeto-teste\projeto-teste.csproj", "{B1DD08C3-861E-4814-9308-1433A8743A38}"
EndProject
Global
	GlobalSection(SolutionConfigurationPlatforms) = preSolution
		Debug|Any CPU = Debug|Any CPU
		Release|Any CPU = Release|Any CPU
	EndGlobalSection
	GlobalSection(ProjectConfigurationPlatforms) = postSolution
		{B1DD08C3-861E-4814-9308-1433A8743A38}.Debug|Any CPU.ActiveCfg = Debug|Any CPU
		{B1DD08C3-861E-4814-9308-1433A8743A38}.Debug|Any CPU.Build.0 = Debug|Any CPU
		{B1DD08C3-861E-4814-9308-1433A8743A38}.Release|Any CPU.ActiveCfg = Release|Any CPU
		{B1DD08C3-861E-4814-9308-1433A8743A38}.Release|Any CPU.Build.0 = Release|Any CPU
	EndGlobalSection
	GlobalSection(SolutionProperties) = preSolution
		HideSolutionNode = FALSE
	EndGlobalSection
	GlobalSection(ExtensibilityGlobals) = postSolution
		SolutionGuid = {E4275FA3-ECCD-4BAB-933A-5BC5C376DE1F}
	EndGlobalSection
EndGlobal
